
Microsoft Visual Studio Solution File, Format Version 12.00
# Visual Studio Version 17
VisualStudioVersion = 17.14.36511.14 d17.14
MinimumVisualStudioVersion = 10.0.40219.1
Project("{FAE04EC0-301F-11D3-BF4B-00C04F79EFBC}") = "LooseChangeOfFate", "LooseChangeOfFate\LooseChangeOfFate.csproj", "{514B58A1-538F-4CAA-97A4-E53F1A5FF74B}"
EndProject
Global
	GlobalSection(SolutionConfigurationPlatforms) = preSolution
		Debug|Any CPU = Debug|Any CPU
		Release|Any CPU = Release|Any CPU
	EndGlobalSection
	GlobalSection(ProjectConfigurationPlatforms) = postSolution
		{514B58A1-538F-4CAA-97A4-E53F1A5FF74B}.Debug|Any CPU.ActiveCfg = Debug|Any CPU
		{514B58A1-538F-4CAA-97A4-E53F1A5FF74B}.Debug|Any CPU.Build.0 = Debug|Any CPU
		{514B58A1-538F-4CAA-97A4-E53F1A5FF74B}.Release|Any CPU.ActiveCfg = Release|Any CPU
		{514B58A1-538F-4CAA-97A4-E53F1A5FF74B}.Release|Any CPU.Build.0 = Release|Any CPU
	EndGlobalSection
	GlobalSection(SolutionProperties) = preSolution
		HideSolutionNode = FALSE
	EndGlobalSection
	GlobalSection(ExtensibilityGlobals) = postSolution
		SolutionGuid = {75C1FE34-5F7D-46CD-AF66-AFCC87878B02}
	EndGlobalSection
EndGlobal
